
Microsoft Visual Studio Solution File, Format Version 12.00
# Visual Studio 15
VisualStudioVersion = 15.0.26730.12
MinimumVisualStudioVersion = 10.0.40219.1
Project("{9A19103F-16F7-4668-BE54-9A1E7A4F7556}") = "Com.KiddoPay.Wallet.Service", "Com.KiddoPay.Wallet.Service\Com.KiddoPay.Wallet.Service.csproj", "{A6B26B13-30B3-4963-AE35-EE3F83D421BC}"
EndProject
Project("{FAE04EC0-301F-11D3-BF4B-00C04F79EFBC}") = "Com.KiddoPay.Wallet.XTest", "Com.KiddoPay.Wallet.XTest\Com.KiddoPay.Wallet.XTest.csproj", "{16EEC9B0-ED86-4689-9DC2-46C0ECEE079C}"
EndProject
Project("{FAE04EC0-301F-11D3-BF4B-00C04F79EFBC}") = "Com.KiddoPay.Wallet.Business", "Com.KiddoPay.Wallet.Business\Com.KiddoPay.Wallet.Business.csproj", "{BE65377F-F5E6-43A5-97CA-852BECC715BC}"
EndProject
Project("{FAE04EC0-301F-11D3-BF4B-00C04F79EFBC}") = "Com.KiddoPay.Wallet.Data", "Com.KiddoPay.Wallet.Data\Com.KiddoPay.Wallet.Data.csproj", "{AF47EE16-20FD-45FD-95B2-AFD3174A7AE8}"
EndProject
Global
	GlobalSection(SolutionConfigurationPlatforms) = preSolution
		Debug|Any CPU = Debug|Any CPU
		Release|Any CPU = Release|Any CPU
	EndGlobalSection
	GlobalSection(ProjectConfigurationPlatforms) = postSolution
		{A6B26B13-30B3-4963-AE35-EE3F83D421BC}.Debug|Any CPU.ActiveCfg = Debug|Any CPU
		{A6B26B13-30B3-4963-AE35-EE3F83D421BC}.Debug|Any CPU.Build.0 = Debug|Any CPU
		{A6B26B13-30B3-4963-AE35-EE3F83D421BC}.Release|Any CPU.ActiveCfg = Release|Any CPU
		{A6B26B13-30B3-4963-AE35-EE3F83D421BC}.Release|Any CPU.Build.0 = Release|Any CPU
		{16EEC9B0-ED86-4689-9DC2-46C0ECEE079C}.Debug|Any CPU.ActiveCfg = Debug|Any CPU
		{16EEC9B0-ED86-4689-9DC2-46C0ECEE079C}.Debug|Any CPU.Build.0 = Debug|Any CPU
		{16EEC9B0-ED86-4689-9DC2-46C0ECEE079C}.Release|Any CPU.ActiveCfg = Release|Any CPU
		{16EEC9B0-ED86-4689-9DC2-46C0ECEE079C}.Release|Any CPU.Build.0 = Release|Any CPU
		{BE65377F-F5E6-43A5-97CA-852BECC715BC}.Debug|Any CPU.ActiveCfg = Debug|Any CPU
		{BE65377F-F5E6-43A5-97CA-852BECC715BC}.Debug|Any CPU.Build.0 = Debug|Any CPU
		{BE65377F-F5E6-43A5-97CA-852BECC715BC}.Release|Any CPU.ActiveCfg = Release|Any CPU
		{BE65377F-F5E6-43A5-97CA-852BECC715BC}.Release|Any CPU.Build.0 = Release|Any CPU
		{AF47EE16-20FD-45FD-95B2-AFD3174A7AE8}.Debug|Any CPU.ActiveCfg = Debug|Any CPU
		{AF47EE16-20FD-45FD-95B2-AFD3174A7AE8}.Debug|Any CPU.Build.0 = Debug|Any CPU
		{AF47EE16-20FD-45FD-95B2-AFD3174A7AE8}.Release|Any CPU.ActiveCfg = Release|Any CPU
		{AF47EE16-20FD-45FD-95B2-AFD3174A7AE8}.Release|Any CPU.Build.0 = Release|Any CPU
	EndGlobalSection
	GlobalSection(SolutionProperties) = preSolution
		HideSolutionNode = FALSE
	EndGlobalSection
	GlobalSection(ExtensibilityGlobals) = postSolution
		SolutionGuid = {54E77DA7-3383-484B-B048-A34BD9E3EB66}
	EndGlobalSection
EndGlobal
